// !$*UTF8*$!
{
	archiveVersion = 1;
	classes = {
	};
	objectVersion = 48;
	objects = {

/* Begin PBXBuildFile section */
		C96DF8D020AD54CE00AD04E7 /* AppDelegate.m in Sources */ = {isa = PBXBuildFile; fileRef = C96DF8CF20AD54CE00AD04E7 /* AppDelegate.m */; };
		C96DF8D320AD54CE00AD04E7 /* ViewController.m in Sources */ = {isa = PBXBuildFile; fileRef = C96DF8D220AD54CE00AD04E7 /* ViewController.m */; };
		C96DF8D620AD54CE00AD04E7 /* Main.storyboard in Resources */ = {isa = PBXBuildFile; fileRef = C96DF8D420AD54CE00AD04E7 /* Main.storyboard */; };
		C96DF8D820AD54CE00AD04E7 /* Assets.xcassets in Resources */ = {isa = PBXBuildFile; fileRef = C96DF8D720AD54CE00AD04E7 /* Assets.xcassets */; };
		C96DF8DB20AD54CE00AD04E7 /* LaunchScreen.storyboard in Resources */ = {isa = PBXBuildFile; fileRef = C96DF8D920AD54CE00AD04E7 /* LaunchScreen.storyboard */; };
		C96DF8DE20AD54CE00AD04E7 /* main.m in Sources */ = {isa = PBXBuildFile; fileRef = C96DF8DD20AD54CE00AD04E7 /* main.m */; };
		C96DF8E620AD78AB00AD04E7 /* TPPlayerView.m in Sources */ = {isa = PBXBuildFile; fileRef = C96DF8E520AD78AB00AD04E7 /* TPPlayerView.m */; };
		C96DF8ED20AD833D00AD04E7 /* TPPlayerHandle.m in Sources */ = {isa = PBXBuildFile; fileRef = C96DF8EC20AD833D00AD04E7 /* TPPlayerHandle.m */; };
		C96DF8F020AD848D00AD04E7 /* TPPlayerViewController.m in Sources */ = {isa = PBXBuildFile; fileRef = C96DF8EF20AD848D00AD04E7 /* TPPlayerViewController.m */; };
		C96DF8F520AD85F700AD04E7 /* hubblecast.m4v in Resources */ = {isa = PBXBuildFile; fileRef = C96DF8F420AD85F700AD04E7 /* hubblecast.m4v */; };
/* End PBXBuildFile section */

/* Begin PBXFileReference section */
		C96DF8CB20AD54CE00AD04E7 /* AVPlayerDemo.app */ = {isa = PBXFileReference; explicitFileType = wrapper.application; includeInIndex = 0; path = AVPlayerDemo.app; sourceTree = BUILT_PRODUCTS_DIR; };
		C96DF8CE20AD54CE00AD04E7 /* AppDelegate.h */ = {isa = PBXFileReference; lastKnownFileType = sourcecode.c.h; path = AppDelegate.h; sourceTree = "<group>"; };
		C96DF8CF20AD54CE00AD04E7 /* AppDelegate.m */ = {isa = PBXFileReference; lastKnownFileType = sourcecode.c.objc; path = AppDelegate.m; sourceTree = "<group>"; };
		C96DF8D120AD54CE00AD04E7 /* ViewController.h */ = {isa = PBXFileReference; lastKnownFileType = sourcecode.c.h; path = ViewController.h; sourceTree = "<group>"; };
		C96DF8D220AD54CE00AD04E7 /* ViewController.m */ = {isa = PBXFileReference; lastKnownFileType = sourcecode.c.objc; path = ViewController.m; sourceTree = "<group>"; };
		C96DF8D520AD54CE00AD04E7 /* Base */ = {isa = PBXFileReference; lastKnownFileType = file.storyboard; name = Base; path = Base.lproj/Main.storyboard; sourceTree = "<group>"; };
		C96DF8D720AD54CE00AD04E7 /* Assets.xcassets */ = {isa = PBXFileReference; lastKnownFileType = folder.assetcatalog; path = Assets.xcassets; sourceTree = "<group>"; };
		C96DF8DA20AD54CE00AD04E7 /* Base */ = {isa = PBXFileReference; lastKnownFileType = file.storyboard; name = Base; path = Base.lproj/LaunchScreen.storyboard; sourceTree = "<group>"; };
		C96DF8DC20AD54CE00AD04E7 /* Info.plist */ = {isa = PBXFileReference; lastKnownFileType = text.plist.xml; path = Info.plist; sourceTree = "<group>"; };
		C96DF8DD20AD54CE00AD04E7 /* main.m */ = {isa = PBXFileReference; lastKnownFileType = sourcecode.c.objc; path = main.m; sourceTree = "<group>"; };
		C96DF8E420AD78AB00AD04E7 /* TPPlayerView.h */ = {isa = PBXFileReference; lastKnownFileType = sourcecode.c.h; path = TPPlayerView.h; sourceTree = "<group>"; };
		C96DF8E520AD78AB00AD04E7 /* TPPlayerView.m */ = {isa = PBXFileReference; lastKnownFileType = sourcecode.c.objc; path = TPPlayerView.m; sourceTree = "<group>"; };
		C96DF8E720AD797500AD04E7 /* TPTransport.h */ = {isa = PBXFileReference; lastKnownFileType = sourcecode.c.h; path = TPTransport.h; sourceTree = "<group>"; };
		C96DF8EA20AD810D00AD04E7 /* PrefixHeader.pch */ = {isa = PBXFileReference; lastKnownFileType = sourcecode.c.h; path = PrefixHeader.pch; sourceTree = "<group>"; };
		C96DF8EB20AD833D00AD04E7 /* TPPlayerHandle.h */ = {isa = PBXFileReference; lastKnownFileType = sourcecode.c.h; path = TPPlayerHandle.h; sourceTree = "<group>"; };
		C96DF8EC20AD833D00AD04E7 /* TPPlayerHandle.m */ = {isa = PBXFileReference; lastKnownFileType = sourcecode.c.objc; path = TPPlayerHandle.m; sourceTree = "<group>"; };
		C96DF8EE20AD848D00AD04E7 /* TPPlayerViewController.h */ = {isa = PBXFileReference; lastKnownFileType = sourcecode.c.h; path = TPPlayerViewController.h; sourceTree = "<group>"; };
		C96DF8EF20AD848D00AD04E7 /* TPPlayerViewController.m */ = {isa = PBXFileReference; lastKnownFileType = sourcecode.c.objc; path = TPPlayerViewController.m; sourceTree = "<group>"; };
		C96DF8F420AD85F700AD04E7 /* hubblecast.m4v */ = {isa = PBXFileReference; lastKnownFileType = file; path = hubblecast.m4v; sourceTree = "<group>"; };
/* End PBXFileReference section */

/* Begin PBXFrameworksBuildPhase section */
		C96DF8C820AD54CE00AD04E7 /* Frameworks */ = {
			isa = PBXFrameworksBuildPhase;
			buildActionMask = 2147483647;
			files = (
			);
			runOnlyForDeploymentPostprocessing = 0;
		};
/* End PBXFrameworksBuildPhase section */

/* Begin PBXGroup section */
		C96DF8C220AD54CE00AD04E7 = {
			isa = PBXGroup;
			children = (
				C96DF8CD20AD54CE00AD04E7 /* AVPlayerDemo */,
				C96DF8CC20AD54CE00AD04E7 /* Products */,
			);
			sourceTree = "<group>";
		};
		C96DF8CC20AD54CE00AD04E7 /* Products */ = {
			isa = PBXGroup;
			children = (
				C96DF8CB20AD54CE00AD04E7 /* AVPlayerDemo.app */,
			);
			name = Products;
			sourceTree = "<group>";
		};
		C96DF8CD20AD54CE00AD04E7 /* AVPlayerDemo */ = {
			isa = PBXGroup;
			children = (
				C96DF8CE20AD54CE00AD04E7 /* AppDelegate.h */,
				C96DF8CF20AD54CE00AD04E7 /* AppDelegate.m */,
				C96DF8EA20AD810D00AD04E7 /* PrefixHeader.pch */,
				C96DF8D120AD54CE00AD04E7 /* ViewController.h */,
				C96DF8D220AD54CE00AD04E7 /* ViewController.m */,
				C96DF8EE20AD848D00AD04E7 /* TPPlayerViewController.h */,
				C96DF8EF20AD848D00AD04E7 /* TPPlayerViewController.m */,
				C96DF8E420AD78AB00AD04E7 /* TPPlayerView.h */,
				C96DF8E520AD78AB00AD04E7 /* TPPlayerView.m */,
				C96DF8E720AD797500AD04E7 /* TPTransport.h */,
				C96DF8EB20AD833D00AD04E7 /* TPPlayerHandle.h */,
				C96DF8EC20AD833D00AD04E7 /* TPPlayerHandle.m */,
				C96DF8D420AD54CE00AD04E7 /* Main.storyboard */,
				C96DF8D720AD54CE00AD04E7 /* Assets.xcassets */,
				C96DF8D920AD54CE00AD04E7 /* LaunchScreen.storyboard */,
				C96DF8DC20AD54CE00AD04E7 /* Info.plist */,
				C96DF8DD20AD54CE00AD04E7 /* main.m */,
				C96DF8F420AD85F700AD04E7 /* hubblecast.m4v */,
			);
			path = AVPlayerDemo;
			sourceTree = "<group>";
		};
/* End PBXGroup section */

/* Begin PBXNativeTarget section */
		C96DF8CA20AD54CE00AD04E7 /* AVPlayerDemo */ = {
			isa = PBXNativeTarget;
			buildConfigurationList = C96DF8E120AD54CE00AD04E7 /* Build configuration list for PBXNativeTarget "AVPlayerDemo" */;
			buildPhases = (
				C96DF8C720AD54CE00AD04E7 /* Sources */,
				C96DF8C820AD54CE00AD04E7 /* Frameworks */,
				C96DF8C920AD54CE00AD04E7 /* Resources */,
			);
			buildRules = (
			);
			dependencies = (
			);
			name = AVPlayerDemo;
			productName = AVPlayerDemo;
			productReference = C96DF8CB20AD54CE00AD04E7 /* AVPlayerDemo.app */;
			productType = "com.apple.product-type.application";
		};
/* End PBXNativeTarget section */

/* Begin PBXProject section */
		C96DF8C320AD54CE00AD04E7 /* Project object */ = {
			isa = PBXProject;
			attributes = {
				LastUpgradeCheck = 0910;
				ORGANIZATIONNAME = Start;
				TargetAttributes = {
					C96DF8CA20AD54CE00AD04E7 = {
						CreatedOnToolsVersion = 9.1;
						ProvisioningStyle = Automatic;
					};
				};
			};
			buildConfigurationList = C96DF8C620AD54CE00AD04E7 /* Build configuration list for PBXProject "AVPlayerDemo" */;
			compatibilityVersion = "Xcode 8.0";
			developmentRegion = en;
			hasScannedForEncodings = 0;
			knownRegions = (
				en,
				Base,
			);
			mainGroup = C96DF8C220AD54CE00AD04E7;
			productRefGroup = C96DF8CC20AD54CE00AD04E7 /* Products */;
			projectDirPath = "";
			projectRoot = "";
			targets = (
				C96DF8CA20AD54CE00AD04E7 /* AVPlayerDemo */,
			);
		};
/* End PBXProject section */

/* Begin PBXResourcesBuildPhase section */
		C96DF8C920AD54CE00AD04E7 /* Resources */ = {
			isa = PBXResourcesBuildPhase;
			buildActionMask = 2147483647;
			files = (
				C96DF8F520AD85F700AD04E7 /* hubblecast.m4v in Resources */,
				C96DF8DB20AD54CE00AD04E7 /* LaunchScreen.storyboard in Resources */,
				C96DF8D820AD54CE00AD04E7 /* Assets.xcassets in Resources */,
				C96DF8D620AD54CE00AD04E7 /* Main.storyboard in Resources */,
			);
			runOnlyForDeploymentPostprocessing = 0;
		};
/* End PBXResourcesBuildPhase section */

/* Begin PBXSourcesBuildPhase section */
		C96DF8C720AD54CE00AD04E7 /* Sources */ = {
			isa = PBXSourcesBuildPhase;
			buildActionMask = 2147483647;
			files = (
				C96DF8D320AD54CE00AD04E7 /* ViewController.m in Sources */,
				C96DF8F020AD848D00AD04E7 /* TPPlayerViewController.m in Sources */,
				C96DF8ED20AD833D00AD04E7 /* TPPlayerHandle.m in Sources */,
				C96DF8E620AD78AB00AD04E7 /* TPPlayerView.m in Sources */,
				C96DF8DE20AD54CE00AD04E7 /* main.m in Sources */,
				C96DF8D020AD54CE00AD04E7 /* AppDelegate.m in Sources */,
			);
			runOnlyForDeploymentPostprocessing = 0;
		};
/* End PBXSourcesBuildPhase section */

/* Begin PBXVariantGroup section */
		C96DF8D420AD54CE00AD04E7 /* Main.storyboard */ = {
			isa = PBXVariantGroup;
			children = (
				C96DF8D520AD54CE00AD04E7 /* Base */,
			);
			name = Main.storyboard;
			sourceTree = "<group>";
		};
		C96DF8D920AD54CE00AD04E7 /* LaunchScreen.storyboard */ = {
			isa = PBXVariantGroup;
			children = (
				C96DF8DA20AD54CE00AD04E7 /* Base */,
			);
			name = LaunchScreen.storyboard;
			sourceTree = "<group>";
		};
/* End PBXVariantGroup section */

/* Begin XCBuildConfiguration section */
		C96DF8DF20AD54CE00AD04E7 /* Debug */ = {
			isa = XCBuildConfiguration;
			buildSettings = {
				ALWAYS_SEARCH_USER_PATHS = NO;
				CLANG_ANALYZER_NONNULL = YES;
				CLANG_ANALYZER_NUMBER_OBJECT_CONVERSION = YES_AGGRESSIVE;
				CLANG_CXX_LANGUAGE_STANDARD = "gnu++14";
				CLANG_CXX_LIBRARY = "libc++";
				CLANG_ENABLE_MODULES = YES;
				CLANG_ENABLE_OBJC_ARC = YES;
				CLANG_WARN_BLOCK_CAPTURE_AUTORELEASING = YES;
				CLANG_WARN_BOOL_CONVERSION = YES;
				CLANG_WARN_COMMA = YES;
				CLANG_WARN_CONSTANT_CONVERSION = YES;
				CLANG_WARN_DIRECT_OBJC_ISA_USAGE = YES_ERROR;
				CLANG_WARN_DOCUMENTATION_COMMENTS = YES;
				CLANG_WARN_EMPTY_BODY = YES;
				CLANG_WARN_ENUM_CONVERSION = YES;
				CLANG_WARN_INFINITE_RECURSION = YES;
				CLANG_WARN_INT_CONVERSION = YES;
				CLANG_WARN_NON_LITERAL_NULL_CONVERSION = YES;
				CLANG_WARN_OBJC_LITERAL_CONVERSION = YES;
				CLANG_WARN_OBJC_ROOT_CLASS = YES_ERROR;
				CLANG_WARN_RANGE_LOOP_ANALYSIS = YES;
				CLANG_WARN_STRICT_PROTOTYPES = YES;
				CLANG_WARN_SUSPICIOUS_MOVE = YES;
				CLANG_WARN_UNGUARDED_AVAILABILITY = YES_AGGRESSIVE;
				CLANG_WARN_UNREACHABLE_CODE = YES;
				CLANG_WARN__DUPLICATE_METHOD_MATCH = YES;
				CODE_SIGN_IDENTITY = "iPhone Developer";
				COPY_PHASE_STRIP = NO;
				DEBUG_INFORMATION_FORMAT = dwarf;
				ENABLE_STRICT_OBJC_MSGSEND = YES;
				ENABLE_TESTABILITY = YES;
				GCC_C_LANGUAGE_STANDARD = gnu11;
				GCC_DYNAMIC_NO_PIC = NO;
				GCC_NO_COMMON_BLOCKS = YES;
				GCC_OPTIMIZATION_LEVEL = 0;
				GCC_PREPROCESSOR_DEFINITIONS = (
					"DEBUG=1",
					"$(inherited)",
				);
				GCC_WARN_64_TO_32_BIT_CONVERSION = YES;
				GCC_WARN_ABOUT_RETURN_TYPE = YES_ERROR;
				GCC_WARN_UNDECLARED_SELECTOR = YES;
				GCC_WARN_UNINITIALIZED_AUTOS = YES_AGGRESSIVE;
				GCC_WARN_UNUSED_FUNCTION = YES;
				GCC_WARN_UNUSED_VARIABLE = YES;
				IPHONEOS_DEPLOYMENT_TARGET = 11.1;
				MTL_ENABLE_DEBUG_INFO = YES;
				ONLY_ACTIVE_ARCH = YES;
				SDKROOT = iphoneos;
			};
			name = Debug;
		};
		C96DF8E020AD54CE00AD04E7 /* Release */ = {
			isa = XCBuildConfiguration;
			buildSettings = {
				ALWAYS_SEARCH_USER_PATHS = NO;
				CLANG_ANALYZER_NONNULL = YES;
				CLANG_ANALYZER_NUMBER_OBJECT_CONVERSION = YES_AGGRESSIVE;
				CLANG_CXX_LANGUAGE_STANDARD = "gnu++14";
				CLANG_CXX_LIBRARY = "libc++";
				CLANG_ENABLE_MODULES = YES;
				CLANG_ENABLE_OBJC_ARC = YES;
				CLANG_WARN_BLOCK_CAPTURE_AUTORELEASING = YES;
				CLANG_WARN_BOOL_CONVERSION = YES;
				CLANG_WARN_COMMA = YES;
				CLANG_WARN_CONSTANT_CONVERSION = YES;
				CLANG_WARN_DIRECT_OBJC_ISA_USAGE = YES_ERROR;
				CLANG_WARN_DOCUMENTATION_COMMENTS = YES;
				CLANG_WARN_EMPTY_BODY = YES;
				CLANG_WARN_ENUM_CONVERSION = YES;
				CLANG_WARN_INFINITE_RECURSION = YES;
				CLANG_WARN_INT_CONVERSION = YES;
				CLANG_WARN_NON_LITERAL_NULL_CONVERSION = YES;
				CLANG_WARN_OBJC_LITERAL_CONVERSION = YES;
				CLANG_WARN_OBJC_ROOT_CLASS = YES_ERROR;
				CLANG_WARN_RANGE_LOOP_ANALYSIS = YES;
				CLANG_WARN_STRICT_PROTOTYPES = YES;
				CLANG_WARN_SUSPICIOUS_MOVE = YES;
				CLANG_WARN_UNGUARDED_AVAILABILITY = YES_AGGRESSIVE;
				CLANG_WARN_UNREACHABLE_CODE = YES;
				CLANG_WARN__DUPLICATE_METHOD_MATCH = YES;
				CODE_SIGN_IDENTITY = "iPhone Developer";
				COPY_PHASE_STRIP = NO;
				DEBUG_INFORMATION_FORMAT = "dwarf-with-dsym";
				ENABLE_NS_ASSERTIONS = NO;
				ENABLE_STRICT_OBJC_MSGSEND = YES;
				GCC_C_LANGUAGE_STANDARD = gnu11;
				GCC_NO_COMMON_BLOCKS = YES;
				GCC_WARN_64_TO_32_BIT_CONVERSION = YES;
				GCC_WARN_ABOUT_RETURN_TYPE = YES_ERROR;
				GCC_WARN_UNDECLARED_SELECTOR = YES;
				GCC_WARN_UNINITIALIZED_AUTOS = YES_AGGRESSIVE;
				GCC_WARN_UNUSED_FUNCTION = YES;
				GCC_WARN_UNUSED_VARIABLE = YES;
				IPHONEOS_DEPLOYMENT_TARGET = 11.1;
				MTL_ENABLE_DEBUG_INFO = NO;
				SDKROOT = iphoneos;
				VALIDATE_PRODUCT = YES;
			};
			name = Release;
		};
		C96DF8E220AD54CE00AD04E7 /* Debug */ = {
			isa = XCBuildConfiguration;
			buildSettings = {
				ASSETCATALOG_COMPILER_APPICON_NAME = AppIcon;
				CODE_SIGN_STYLE = Automatic;
				DEVELOPMENT_TEAM = WU2WFZ2B66;
				GCC_PRECOMPILE_PREFIX_HEADER = YES;
				GCC_PREFIX_HEADER = "$(SRCROOT)/AVPlayerDemo/PrefixHeader.pch";
				INFOPLIST_FILE = AVPlayerDemo/Info.plist;
				LD_RUNPATH_SEARCH_PATHS = "$(inherited) @executable_path/Frameworks";
				PRODUCT_BUNDLE_IDENTIFIER = het.AVPlayerDemo;
				PRODUCT_NAME = "$(TARGET_NAME)";
				TARGETED_DEVICE_FAMILY = "1,2";
			};
			name = Debug;
		};
		C96DF8E320AD54CE00AD04E7 /* Release */ = {
			isa = XCBuildConfiguration;
			buildSettings = {
				ASSETCATALOG_COMPILER_APPICON_NAME = AppIcon;
				CODE_SIGN_STYLE = Automatic;
				DEVELOPMENT_TEAM = WU2WFZ2B66;
				GCC_PRECOMPILE_PREFIX_HEADER = YES;
				GCC_PREFIX_HEADER = "$(SRCROOT)/AVPlayerDemo/PrefixHeader.pch";
				INFOPLIST_FILE = AVPlayerDemo/Info.plist;
				LD_RUNPATH_SEARCH_PATHS = "$(inherited) @executable_path/Frameworks";
				PRODUCT_BUNDLE_IDENTIFIER = het.AVPlayerDemo;
				PRODUCT_NAME = "$(TARGET_NAME)";
				TARGETED_DEVICE_FAMILY = "1,2";
			};
			name = Release;
		};
/* End XCBuildConfiguration section */

/* Begin XCConfigurationList section */
		C96DF8C620AD54CE00AD04E7 /* Build configuration list for PBXProject "AVPlayerDemo" */ = {
			isa = XCConfigurationList;
			buildConfigurations = (
				C96DF8DF20AD54CE00AD04E7 /* Debug */,
				C96DF8E020AD54CE00AD04E7 /* Release */,
			);
			defaultConfigurationIsVisible = 0;
			defaultConfigurationName = Release;
		};
		C96DF8E120AD54CE00AD04E7 /* Build configuration list for PBXNativeTarget "AVPlayerDemo" */ = {
			isa = XCConfigurationList;
			buildConfigurations = (
				C96DF8E220AD54CE00AD04E7 /* Debug */,
				C96DF8E320AD54CE00AD04E7 /* Release */,
			);
			defaultConfigurationIsVisible = 0;
			defaultConfigurationName = Release;
		};
/* End XCConfigurationList section */
	};
	rootObject = C96DF8C320AD54CE00AD04E7 /* Project object */;
}
